
Microsoft Visual Studio Solution File, Format Version 12.00
# Visual Studio Version 18
VisualStudioVersion = 18.0.11217.181
MinimumVisualStudioVersion = 10.0.40219.1
Project("{FAE04EC0-301F-11D3-BF4B-00C04F79EFBC}") = "bl_GiveMeTheGoodStuffMod", "bl_GiveMeTheGoodStuffMod.csproj", "{0C896484-42E3-8758-0CEB-466F5E4FFBB7}"
EndProject
Global
	GlobalSection(SolutionConfigurationPlatforms) = preSolution
		Debug|Any CPU = Debug|Any CPU
		Release|Any CPU = Release|Any CPU
	EndGlobalSection
	GlobalSection(ProjectConfigurationPlatforms) = postSolution
		{0C896484-42E3-8758-0CEB-466F5E4FFBB7}.Debug|Any CPU.ActiveCfg = Debug|Any CPU
		{0C896484-42E3-8758-0CEB-466F5E4FFBB7}.Debug|Any CPU.Build.0 = Debug|Any CPU
		{0C896484-42E3-8758-0CEB-466F5E4FFBB7}.Release|Any CPU.ActiveCfg = Release|Any CPU
		{0C896484-42E3-8758-0CEB-466F5E4FFBB7}.Release|Any CPU.Build.0 = Release|Any CPU
	EndGlobalSection
	GlobalSection(SolutionProperties) = preSolution
		HideSolutionNode = FALSE
	EndGlobalSection
	GlobalSection(ExtensibilityGlobals) = postSolution
		SolutionGuid = {75A949C9-43B0-43E6-B13B-76F876E24332}
	EndGlobalSection
EndGlobal
